{
  "name": "social-workload",
  "version": "1.0.0",
  "lockfileVersion": 1,
  "requires": true,
  "dependencies": {
    "chance": {
      "version": "1.0.16",
      "resolved": "https://registry.npmjs.org/chance/-/chance-1.0.16.tgz",
      "integrity": "sha512-2bgDHH5bVfAXH05SPtjqrsASzZ7h90yCuYT2z4mkYpxxYvJXiIydBFzVieVHZx7wLH1Ag2Azaaej2/zA1XUrNQ=="
    },
    "redis-sorted-set": {
      "version": "2.0.0",
      "resolved": "https://registry.npmjs.org/redis-sorted-set/-/redis-sorted-set-2.0.0.tgz",
      "integrity": "sha1-nhzmrGOnIZa8OxlDeMLuiRYJIfo="
    }
  }
}
